Microsoft Visual Studio Solution File, Format Version 12.00
# Visual Studio Version 17
VisualStudioVersion = 17.5.2.0
MinimumVisualStudioVersion = 10.0.40219.1
Project("{FAE04EC0-301F-11D3-BF4B-00C04F79EFBC}") = "SmallRestaurantApp", "SmallRestaurantApp.csproj", "{CEBE33CB-CD18-A5DE-ED13-E43E838D941C}"
EndProject
Global
	GlobalSection(SolutionConfigurationPlatforms) = preSolution
		Debug|Any CPU = Debug|Any CPU
		Release|Any CPU = Release|Any CPU
	EndGlobalSection
	GlobalSection(ProjectConfigurationPlatforms) = postSolution
		{CEBE33CB-CD18-A5DE-ED13-E43E838D941C}.Debug|Any CPU.ActiveCfg = Debug|Any CPU
		{CEBE33CB-CD18-A5DE-ED13-E43E838D941C}.Debug|Any CPU.Build.0 = Debug|Any CPU
		{CEBE33CB-CD18-A5DE-ED13-E43E838D941C}.Release|Any CPU.ActiveCfg = Release|Any CPU
		{CEBE33CB-CD18-A5DE-ED13-E43E838D941C}.Release|Any CPU.Build.0 = Release|Any CPU
	EndGlobalSection
	GlobalSection(SolutionProperties) = preSolution
		HideSolutionNode = FALSE
	EndGlobalSection
	GlobalSection(ExtensibilityGlobals) = postSolution
		SolutionGuid = {D652DC83-FD0B-480E-926E-1291BF6B5509}
	EndGlobalSection
EndGlobal
